{
  "name": "js",
  "lockfileVersion": 2,
  "requires": true,
  "packages": {
    "": {
      "dependencies": {
        "core-js": "^3.35.1"
      }
    },
    "node_modules/core-js": {
      "version": "3.35.1",
      "resolved": "https://registry.npmjs.org/core-js/-/core-js-3.35.1.tgz",
      "integrity": "sha512-IgdsbxNyMskrTFxa9lWHyMwAJU5gXOPP+1yO+K59d50VLVAIDAbs7gIv705KzALModfK3ZrSZTPNpC0PQgIZuw==",
      "hasInstallScript": true,
      "funding": {
        "type": "opencollective",
        "url": "https://opencollective.com/core-js"
      }
    }
  },
  "dependencies": {
    "core-js": {
      "version": "3.35.1",
      "resolved": "https://registry.npmjs.org/core-js/-/core-js-3.35.1.tgz",
      "integrity": "sha512-IgdsbxNyMskrTFxa9lWHyMwAJU5gXOPP+1yO+K59d50VLVAIDAbs7gIv705KzALModfK3ZrSZTPNpC0PQgIZuw=="
    }
  }
}
